
Microsoft Visual Studio Solution File, Format Version 12.00
# Visual Studio Version 16
VisualStudioVersion = 16.0.33130.400
MinimumVisualStudioVersion = 10.0.40219.1
Project("{9A19103F-16F7-4668-BE54-9A1E7A4F7556}") = "WebProje", "WebProje\WebProje.csproj", "{7021C3FC-3D33-4867-9D23-22608237377C}"
EndProject
Global
	GlobalSection(SolutionConfigurationPlatforms) = preSolution
		Debug|Any CPU = Debug|Any CPU
		Release|Any CPU = Release|Any CPU
	EndGlobalSection
	GlobalSection(ProjectConfigurationPlatforms) = postSolution
		{7021C3FC-3D33-4867-9D23-22608237377C}.Debug|Any CPU.ActiveCfg = Debug|Any CPU
		{7021C3FC-3D33-4867-9D23-22608237377C}.Debug|Any CPU.Build.0 = Debug|Any CPU
		{7021C3FC-3D33-4867-9D23-22608237377C}.Release|Any CPU.ActiveCfg = Release|Any CPU
		{7021C3FC-3D33-4867-9D23-22608237377C}.Release|Any CPU.Build.0 = Release|Any CPU
	EndGlobalSection
	GlobalSection(SolutionProperties) = preSolution
		HideSolutionNode = FALSE
	EndGlobalSection
	GlobalSection(ExtensibilityGlobals) = postSolution
		SolutionGuid = {011A4A02-25E6-430C-8D58-A34B97812CCB}
	EndGlobalSection
EndGlobal
